
Microsoft Visual Studio Solution File, Format Version 12.00
# Visual Studio Version 17
VisualStudioVersion = 17.11.35222.181
MinimumVisualStudioVersion = 10.0.40219.1
Project("{9A19103F-16F7-4668-BE54-9A1E7A4F7556}") = "EzBill", "EzBill\EzBill.csproj", "{E7ACFD49-DF91-435C-8BDC-D836CDBD04A0}"
EndProject
Project("{9A19103F-16F7-4668-BE54-9A1E7A4F7556}") = "EzBill.Application", "EzBill.Application\EzBill.Application.csproj", "{231F522D-DEBE-4F32-9825-34393C1393BC}"
EndProject
Project("{9A19103F-16F7-4668-BE54-9A1E7A4F7556}") = "EzBill.Domain", "EzBill.Domain\EzBill.Domain.csproj", "{CE68A77C-5F27-4200-8C7B-663D04747BAB}"
EndProject
Project("{9A19103F-16F7-4668-BE54-9A1E7A4F7556}") = "EzBill.Infrastructure", "EzBill.Infrastructure\EzBill.Infrastructure.csproj", "{B6AE17DA-38A1-4014-ABE6-FDCC6010B721}"
EndProject
Project("{2150E333-8FDC-42A3-9474-1A3956D46DE8}") = "Solution Items", "Solution Items", "{DFC446CE-A490-4FCF-853B-7E6173CF6CB1}"
	ProjectSection(SolutionItems) = preProject
		.env = .env
		docker-compose.yml = docker-compose.yml
	EndProjectSection
EndProject
Global
	GlobalSection(SolutionConfigurationPlatforms) = preSolution
		Debug|Any CPU = Debug|Any CPU
		Release|Any CPU = Release|Any CPU
	EndGlobalSection
	GlobalSection(ProjectConfigurationPlatforms) = postSolution
		{E7ACFD49-DF91-435C-8BDC-D836CDBD04A0}.Debug|Any CPU.ActiveCfg = Debug|Any CPU
		{E7ACFD49-DF91-435C-8BDC-D836CDBD04A0}.Debug|Any CPU.Build.0 = Debug|Any CPU
		{E7ACFD49-DF91-435C-8BDC-D836CDBD04A0}.Release|Any CPU.ActiveCfg = Release|Any CPU
		{E7ACFD49-DF91-435C-8BDC-D836CDBD04A0}.Release|Any CPU.Build.0 = Release|Any CPU
		{231F522D-DEBE-4F32-9825-34393C1393BC}.Debug|Any CPU.ActiveCfg = Debug|Any CPU
		{231F522D-DEBE-4F32-9825-34393C1393BC}.Debug|Any CPU.Build.0 = Debug|Any CPU
		{231F522D-DEBE-4F32-9825-34393C1393BC}.Release|Any CPU.ActiveCfg = Release|Any CPU
		{231F522D-DEBE-4F32-9825-34393C1393BC}.Release|Any CPU.Build.0 = Release|Any CPU
		{CE68A77C-5F27-4200-8C7B-663D04747BAB}.Debug|Any CPU.ActiveCfg = Debug|Any CPU
		{CE68A77C-5F27-4200-8C7B-663D04747BAB}.Debug|Any CPU.Build.0 = Debug|Any CPU
		{CE68A77C-5F27-4200-8C7B-663D04747BAB}.Release|Any CPU.ActiveCfg = Release|Any CPU
		{CE68A77C-5F27-4200-8C7B-663D04747BAB}.Release|Any CPU.Build.0 = Release|Any CPU
		{B6AE17DA-38A1-4014-ABE6-FDCC6010B721}.Debug|Any CPU.ActiveCfg = Debug|Any CPU
		{B6AE17DA-38A1-4014-ABE6-FDCC6010B721}.Debug|Any CPU.Build.0 = Debug|Any CPU
		{B6AE17DA-38A1-4014-ABE6-FDCC6010B721}.Release|Any CPU.ActiveCfg = Release|Any CPU
		{B6AE17DA-38A1-4014-ABE6-FDCC6010B721}.Release|Any CPU.Build.0 = Release|Any CPU
	EndGlobalSection
	GlobalSection(SolutionProperties) = preSolution
		HideSolutionNode = FALSE
	EndGlobalSection
	GlobalSection(ExtensibilityGlobals) = postSolution
		SolutionGuid = {7DAF4EEF-FDF7-42BD-87AD-2E12FEF5342A}
	EndGlobalSection
EndGlobal
